{
  "name": "pstake-validator-selection",
  "version": "1.0.0",
  "lockfileVersion": 2,
  "requires": true,
  "packages": {
    "": {
      "name": "pstake-validator-selection",
      "version": "1.0.0",
      "license": "ISC",
      "dependencies": {
        "@cosmjs/crypto": "^0.36.1",
        "@cosmjs/encoding": "^0.36.1",
        "@cosmjs/proto-signing": "^0.36.1",
        "@cosmjs/stargate": "^0.36.1",
        "@cosmjs/tendermint-rpc": "^0.36.1",
        "cosmjs-types": "^0.10.1",
        "dotenv": "^16.0.3",
        "node-fetch": "^3.3.2",
        "persistenceonejs": "^2.4.0-rc1"
      }
    },
    "node_modules/@cosmjs/amino": {
      "version": "0.36.1",
      "resolved": "https://registry.npmjs.org/@cosmjs/amino/-/amino-0.36.1.tgz",
      "integrity": "sha512-JRAtBA0bcIlhYZ5AXMT8VYUaxqVfEDiQbcEg0FLEIFofssj3V4aXFO93lsPI3AeWwRSZhWA+guGd/iHFC05UbQ==",
      "license": "Apache-2.0",
      "dependencies": {
        "@cosmjs/crypto": "^0.36.1",
        "@cosmjs/encoding": "^0.36.1",
        "@cosmjs/math": "^0.36.1",
        "@cosmjs/utils": "^0.36.1"
      }
    },
    "node_modules/@cosmjs/crypto": {
      "version": "0.36.1",
      "resolved": "https://registry.npmjs.org/@cosmjs/crypto/-/crypto-0.36.1.tgz",
      "integrity": "sha512-7vx9rZAuboyMxs9zv3hZhNA0JAFMpaW+fFgRDQzZzfIVj0z4h8RW4dJu0xx5cv3KBQXmoRUzWklpnFuMQYiGdg==",
      "license": "Apache-2.0",
      "dependencies": {
        "@cosmjs/encoding": "^0.36.1",
        "@cosmjs/math": "^0.36.1",
        "@cosmjs/utils": "^0.36.1",
        "@noble/ciphers": "^1.3.0",
        "@noble/curves": "^1.9.2",
        "@noble/hashes": "^1",
        "hash-wasm": "^4.12.0"
      }
    },
    "node_modules/@cosmjs/encoding": {
      "version": "0.36.1",
      "resolved": "https://registry.npmjs.org/@cosmjs/encoding/-/encoding-0.36.1.tgz",
      "integrity": "sha512-i5dTiOdSAfyU76lmOm0+VLEIDEtmINtpOeAuzzBJP1er5fDJvpBysgY9MefVwXNBY/P46W10Uta9zQc98ehBXg==",
      "license": "Apache-2.0",
      "dependencies": {
        "base64-js": "^1.3.0",
        "bech32": "^1.1.4",
        "readonly-date": "^1.0.0"
      }
    },
    "node_modules/@cosmjs/json-rpc": {
      "version": "0.36.1",
      "resolved": "https://registry.npmjs.org/@cosmjs/json-rpc/-/json-rpc-0.36.1.tgz",
      "integrity": "sha512-7vpTw3r3vVaiMY9L0hDh2QP5RnmSim00DhQuqtrPz/qd740Q2xtxhO7UxnWOzL85gG1Tyr9KshE46QIhZcTU/Q==",
      "license": "Apache-2.0",
      "dependencies": {
        "@cosmjs/stream": "^0.36.1",
        "xstream": "^11.14.0"
      }
    },
    "node_modules/@cosmjs/math": {
      "version": "0.36.1",
      "resolved": "https://registry.npmjs.org/@cosmjs/math/-/math-0.36.1.tgz",
      "integrity": "sha512-ML5X5iupmTUV6bik+YEShrmK49ikB8jMQfgzdQV7qeBMN2Rc4ijd1/sFya5AiyJzxtBlYe7yv0i5NyNzZPqKpQ==",
      "license": "Apache-2.0"
    },
    "node_modules/@cosmjs/proto-signing": {
      "version": "0.36.1",
      "resolved": "https://registry.npmjs.org/@cosmjs/proto-signing/-/proto-signing-0.36.1.tgz",
      "integrity": "sha512-aWGJW4gwVEf/HaVe7Bf8K3Vc7J8vOMvChDhUr2FT8NG7REJ2CztJ0jcYgaJLRzoEj6rLJoN97eAf2hUjFQxWTw==",
      "license": "Apache-2.0",
      "dependencies": {
        "@cosmjs/amino": "^0.36.1",
        "@cosmjs/crypto": "^0.36.1",
        "@cosmjs/encoding": "^0.36.1",
        "@cosmjs/math": "^0.36.1",
        "@cosmjs/utils": "^0.36.1",
        "cosmjs-types": "^0.10.1"
      }
    },
    "node_modules/@cosmjs/socket": {
      "version": "0.36.1",
      "resolved": "https://registry.npmjs.org/@cosmjs/socket/-/socket-0.36.1.tgz",
      "integrity": "sha512-p6KgnQmlz1MYJjWi66xyLLYk0NqXFQ/OE5LlC6+Pj6tv7sxjhqsQiQYwfgKJjSwTbduXv2vOHrqEnKZ892E5Xw==",
      "license": "Apache-2.0",
      "dependencies": {
        "@cosmjs/stream": "^0.36.1",
        "isomorphic-ws": "^4.0.1",
        "ws": "^7",
        "xstream": "^11.14.0"
      }
    },
    "node_modules/@cosmjs/stargate": {
      "version": "0.36.1",
      "resolved": "https://registry.npmjs.org/@cosmjs/stargate/-/stargate-0.36.1.tgz",
      "integrity": "sha512-MCvZCginWI/2crnf7xYNsVNPzXLRgjuXUYF7t00JSOeif3MBM3YUHKQjjMsFNVys4eEDkfbptfn9bDghFy1nag==",
      "license": "Apache-2.0",
      "dependencies": {
        "@cosmjs/amino": "^0.36.1",
        "@cosmjs/encoding": "^0.36.1",
        "@cosmjs/math": "^0.36.1",
        "@cosmjs/proto-signing": "^0.36.1",
        "@cosmjs/stream": "^0.36.1",
        "@cosmjs/tendermint-rpc": "^0.36.1",
        "@cosmjs/utils": "^0.36.1",
        "cosmjs-types": "^0.10.1"
      }
    },
    "node_modules/@cosmjs/stream": {
      "version": "0.36.1",
      "resolved": "https://registry.npmjs.org/@cosmjs/stream/-/stream-0.36.1.tgz",
      "integrity": "sha512-q8TrUt7iiWGf6N5x7vWGqWIhtgPzTMkZlM73vkE4F3rcWbybJHgNu7inOhwnuJpR+gFZd9JNq+jAtjsbptZGag==",
      "license": "Apache-2.0",
      "dependencies": {
        "xstream": "^11.14.0"
      }
    },
    "node_modules/@cosmjs/tendermint-rpc": {
      "version": "0.36.1",
      "resolved": "https://registry.npmjs.org/@cosmjs/tendermint-rpc/-/tendermint-rpc-0.36.1.tgz",
      "integrity": "sha512-9EN84YVqdgDLB97xFq+aqsolbMCyKwg6NcB/CR1s3DrquzJEx9/ZNEBJak/VVfb+croDFgvQd4X7CzqkW4N2ag==",
      "license": "Apache-2.0",
      "dependencies": {
        "@cosmjs/crypto": "^0.36.1",
        "@cosmjs/encoding": "^0.36.1",
        "@cosmjs/json-rpc": "^0.36.1",
        "@cosmjs/math": "^0.36.1",
        "@cosmjs/socket": "^0.36.1",
        "@cosmjs/stream": "^0.36.1",
        "@cosmjs/utils": "^0.36.1",
        "readonly-date": "^1.0.0",
        "xstream": "^11.14.0"
      }
    },
    "node_modules/@cosmjs/utils": {
      "version": "0.36.1",
      "resolved": "https://registry.npmjs.org/@cosmjs/utils/-/utils-0.36.1.tgz",
      "integrity": "sha512-kjdDD6t7dMLRUtbRCRskP7sNpyNf6cxVgaM2z7n64e6upXwE+bsoKfKrG+iY2ABT57oH6UxJYgcB+7ACmPxZCg==",
      "license": "Apache-2.0"
    },
    "node_modules/@noble/ciphers": {
      "version": "1.3.0",
      "resolved": "https://registry.npmjs.org/@noble/ciphers/-/ciphers-1.3.0.tgz",
      "integrity": "sha512-2I0gnIVPtfnMw9ee9h1dJG7tp81+8Ob3OJb3Mv37rx5L40/b0i7djjCVvGOVqc9AEIQyvyu1i6ypKdFw8R8gQw==",
      "license": "MIT",
      "engines": {
        "node": "^14.21.3 || >=16"
      },
      "funding": {
        "url": "https://paulmillr.com/funding/"
      }
    },
    "node_modules/@noble/curves": {
      "version": "1.9.7",
      "resolved": "https://registry.npmjs.org/@noble/curves/-/curves-1.9.7.tgz",
      "integrity": "sha512-gbKGcRUYIjA3/zCCNaWDciTMFI0dCkvou3TL8Zmy5Nc7sJ47a0jtOeZoTaMxkuqRo9cRhjOdZJXegxYE5FN/xw==",
      "license": "MIT",
      "dependencies": {
        "@noble/hashes": "1.8.0"
      },
      "engines": {
        "node": "^14.21.3 || >=16"
      },
      "funding": {
        "url": "https://paulmillr.com/funding/"
      }
    },
    "node_modules/@noble/hashes": {
      "version": "1.8.0",
      "resolved": "https://registry.npmjs.org/@noble/hashes/-/hashes-1.8.0.tgz",
      "integrity": "sha512-jCs9ldd7NwzpgXDIf6P3+NrHh9/sD6CQdxHyjQI+h/6rDNo88ypBxxz45UDuZHz9r3tNz7N/VInSVoVdtXEI4A==",
      "license": "MIT",
      "engines": {
        "node": "^14.21.3 || >=16"
      },
      "funding": {
        "url": "https://paulmillr.com/funding/"
      }
    },
    "node_modules/base64-js": {
      "version": "1.5.1",
      "resolved": "https://registry.npmjs.org/base64-js/-/base64-js-1.5.1.tgz",
      "integrity": "sha512-AKpaYlHn8t4SVbOHCy+b5+KKgvR4vrsD8vbvrbiQJps7fKDTkjkDry6ji0rUJjC0kzbNePLwzxq8iypo41qeWA==",
      "funding": [
        {
          "type": "github",
          "url": "https://github.com/sponsors/feross"
        },
        {
          "type": "patreon",
          "url": "https://www.patreon.com/feross"
        },
        {
          "type": "consulting",
          "url": "https://feross.org/support"
        }
      ]
    },
    "node_modules/bech32": {
      "version": "1.1.4",
      "resolved": "https://registry.npmjs.org/bech32/-/bech32-1.1.4.tgz",
      "integrity": "sha512-s0IrSOzLlbvX7yp4WBfPITzpAU8sqQcpsmwXDiKwrG4r491vwCO/XpejasRNl0piBMe/DvP4Tz0mIS/X1DPJBQ=="
    },
    "node_modules/cosmjs-types": {
      "version": "0.10.1",
      "resolved": "https://registry.npmjs.org/cosmjs-types/-/cosmjs-types-0.10.1.tgz",
      "integrity": "sha512-CENXb4O5GN+VyB68HYXFT2SOhv126Z59631rZC56m8uMWa6/cSlFeai8BwZGT1NMepw0Ecf+U8XSOnBzZUWh9Q==",
      "license": "Apache-2.0"
    },
    "node_modules/data-uri-to-buffer": {
      "version": "4.0.1",
      "resolved": "https://registry.npmjs.org/data-uri-to-buffer/-/data-uri-to-buffer-4.0.1.tgz",
      "integrity": "sha512-0R9ikRb668HB7QDxT1vkpuUBtqc53YyAwMwGeUFKRojY/NWKvdZ+9UYtRfGmhqNbRkTSVpMbmyhXipFFv2cb/A==",
      "engines": {
        "node": ">= 12"
      }
    },
    "node_modules/define-data-property": {
      "version": "1.1.4",
      "resolved": "https://registry.npmjs.org/define-data-property/-/define-data-property-1.1.4.tgz",
      "integrity": "sha512-rBMvIzlpA8v6E+SJZoo++HAYqsLrkg7MSfIinMPFhmkorw7X+dOXVJQs+QT69zGkzMyfDnIMN2Wid1+NbL3T+A==",
      "license": "MIT",
      "dependencies": {
        "es-define-property": "^1.0.0",
        "es-errors": "^1.3.0",
        "gopd": "^1.0.1"
      },
      "engines": {
        "node": ">= 0.4"
      },
      "funding": {
        "url": "https://github.com/sponsors/ljharb"
      }
    },
    "node_modules/define-properties": {
      "version": "1.2.1",
      "resolved": "https://registry.npmjs.org/define-properties/-/define-properties-1.2.1.tgz",
      "integrity": "sha512-8QmQKqEASLd5nx0U1B1okLElbUuuttJ/AnYmRXbbbGDWh6uS208EjD4Xqq/I9wK7u0v6O08XhTWnt5XtEbR6Dg==",
      "license": "MIT",
      "dependencies": {
        "define-data-property": "^1.0.1",
        "has-property-descriptors": "^1.0.0",
        "object-keys": "^1.1.1"
      },
      "engines": {
        "node": ">= 0.4"
      },
      "funding": {
        "url": "https://github.com/sponsors/ljharb"
      }
    },
    "node_modules/dotenv": {
      "version": "16.3.1",
      "resolved": "https://registry.npmjs.org/dotenv/-/dotenv-16.3.1.tgz",
      "integrity": "sha512-IPzF4w4/Rd94bA9imS68tZBaYyBWSCE47V1RGuMrB94iyTOIEwRmVL2x/4An+6mETpLrKJ5hQkB8W4kFAadeIQ==",
      "engines": {
        "node": ">=12"
      },
      "funding": {
        "url": "https://github.com/motdotla/dotenv?sponsor=1"
      }
    },
    "node_modules/es-define-property": {
      "version": "1.0.1",
      "resolved": "https://registry.npmjs.org/es-define-property/-/es-define-property-1.0.1.tgz",
      "integrity": "sha512-e3nRfgfUZ4rNGL232gUgX06QNyyez04KdjFrF+LTRoOXmrOgFKDg4BCdsjW8EnT69eqdYGmRpJwiPVYNrCaW3g==",
      "license": "MIT",
      "engines": {
        "node": ">= 0.4"
      }
    },
    "node_modules/es-errors": {
      "version": "1.3.0",
      "resolved": "https://registry.npmjs.org/es-errors/-/es-errors-1.3.0.tgz",
      "integrity": "sha512-Zf5H2Kxt2xjTvbJvP2ZWLEICxA6j+hAmMzIlypy4xcBg1vKVnx89Wy0GbS+kf5cwCVFFzdCFh2XSCFNULS6csw==",
      "license": "MIT",
      "engines": {
        "node": ">= 0.4"
      }
    },
    "node_modules/fetch-blob": {
      "version": "3.2.0",
      "resolved": "https://registry.npmjs.org/fetch-blob/-/fetch-blob-3.2.0.tgz",
      "integrity": "sha512-7yAQpD2UMJzLi1Dqv7qFYnPbaPx7ZfFK6PiIxQ4PfkGPyNyl2Ugx+a/umUonmKqjhM4DnfbMvdX6otXq83soQQ==",
      "funding": [
        {
          "type": "github",
          "url": "https://github.com/sponsors/jimmywarting"
        },
        {
          "type": "paypal",
          "url": "https://paypal.me/jimmywarting"
        }
      ],
      "dependencies": {
        "node-domexception": "^1.0.0",
        "web-streams-polyfill": "^3.0.3"
      },
      "engines": {
        "node": "^12.20 || >= 14.13"
      }
    },
    "node_modules/formdata-polyfill": {
      "version": "4.0.10",
      "resolved": "https://registry.npmjs.org/formdata-polyfill/-/formdata-polyfill-4.0.10.tgz",
      "integrity": "sha512-buewHzMvYL29jdeQTVILecSaZKnt/RJWjoZCF5OW60Z67/GmSLBkOFM7qh1PI3zFNtJbaZL5eQu1vLfazOwj4g==",
      "dependencies": {
        "fetch-blob": "^3.1.2"
      },
      "engines": {
        "node": ">=12.20.0"
      }
    },
    "node_modules/globalthis": {
      "version": "1.0.4",
      "resolved": "https://registry.npmjs.org/globalthis/-/globalthis-1.0.4.tgz",
      "integrity": "sha512-DpLKbNU4WylpxJykQujfCcwYWiV/Jhm50Goo0wrVILAv5jOr9d+H+UR3PhSCD2rCCEIg0uc+G+muBTwD54JhDQ==",
      "license": "MIT",
      "dependencies": {
        "define-properties": "^1.2.1",
        "gopd": "^1.0.1"
      },
      "engines": {
        "node": ">= 0.4"
      },
      "funding": {
        "url": "https://github.com/sponsors/ljharb"
      }
    },
    "node_modules/gopd": {
      "version": "1.2.0",
      "resolved": "https://registry.npmjs.org/gopd/-/gopd-1.2.0.tgz",
      "integrity": "sha512-ZUKRh6/kUFoAiTAtTYPZJ3hw9wNxx+BIBOijnlG9PnrJsCcSjs1wyyD6vJpaYtgnzDrKYRSqf3OO6Rfa93xsRg==",
      "license": "MIT",
      "engines": {
        "node": ">= 0.4"
      },
      "funding": {
        "url": "https://github.com/sponsors/ljharb"
      }
    },
    "node_modules/has-property-descriptors": {
      "version": "1.0.2",
      "resolved": "https://registry.npmjs.org/has-property-descriptors/-/has-property-descriptors-1.0.2.tgz",
      "integrity": "sha512-55JNKuIW+vq4Ke1BjOTjM2YctQIvCT7GFzHwmfZPGo5wnrgkid0YQtnAleFSqumZm4az3n2BS+erby5ipJdgrg==",
      "license": "MIT",
      "dependencies": {
        "es-define-property": "^1.0.0"
      },
      "funding": {
        "url": "https://github.com/sponsors/ljharb"
      }
    },
    "node_modules/hash-wasm": {
      "version": "4.12.0",
      "resolved": "https://registry.npmjs.org/hash-wasm/-/hash-wasm-4.12.0.tgz",
      "integrity": "sha512-+/2B2rYLb48I/evdOIhP+K/DD2ca2fgBjp6O+GBEnCDk2e4rpeXIK8GvIyRPjTezgmWn9gmKwkQjjx6BtqDHVQ==",
      "license": "MIT"
    },
    "node_modules/isomorphic-ws": {
      "version": "4.0.1",
      "resolved": "https://registry.npmjs.org/isomorphic-ws/-/isomorphic-ws-4.0.1.tgz",
      "integrity": "sha512-BhBvN2MBpWTaSHdWRb/bwdZJ1WaehQ2L1KngkCkfLUGF0mAWAT1sQUQacEmQ0jXkFw/czDXPNQSL5u2/Krsz1w==",
      "license": "MIT",
      "peerDependencies": {
        "ws": "*"
      }
    },
    "node_modules/node-domexception": {
      "version": "1.0.0",
      "resolved": "https://registry.npmjs.org/node-domexception/-/node-domexception-1.0.0.tgz",
      "integrity": "sha512-/jKZoMpw0F8GRwl4/eLROPA3cfcXtLApP0QzLmUT/HuPCZWyB7IY9ZrMeKw2O/nFIqPQB3PVM9aYm0F312AXDQ==",
      "funding": [
        {
          "type": "github",
          "url": "https://github.com/sponsors/jimmywarting"
        },
        {
          "type": "github",
          "url": "https://paypal.me/jimmywarting"
        }
      ],
      "engines": {
        "node": ">=10.5.0"
      }
    },
    "node_modules/node-fetch": {
      "version": "3.3.2",
      "resolved": "https://registry.npmjs.org/node-fetch/-/node-fetch-3.3.2.tgz",
      "integrity": "sha512-dRB78srN/l6gqWulah9SrxeYnxeddIG30+GOqK/9OlLVyLg3HPnr6SqOWTWOXKRwC2eGYCkZ59NNuSgvSrpgOA==",
      "dependencies": {
        "data-uri-to-buffer": "^4.0.0",
        "fetch-blob": "^3.1.4",
        "formdata-polyfill": "^4.0.10"
      },
      "engines": {
        "node": "^12.20.0 || ^14.13.1 || >=16.0.0"
      },
      "funding": {
        "type": "opencollective",
        "url": "https://opencollective.com/node-fetch"
      }
    },
    "node_modules/object-keys": {
      "version": "1.1.1",
      "resolved": "https://registry.npmjs.org/object-keys/-/object-keys-1.1.1.tgz",
      "integrity": "sha512-NuAESUOUMrlIXOfHKzD6bpPu3tYt3xvjNdRIQ+FeT0lNb4K8WR70CaDxhuNguS2XG+GjkyMwOzsN5ZktImfhLA==",
      "license": "MIT",
      "engines": {
        "node": ">= 0.4"
      }
    },
    "node_modules/persistenceonejs": {
      "version": "2.4.0-rc1",
      "resolved": "https://registry.npmjs.org/persistenceonejs/-/persistenceonejs-2.4.0-rc1.tgz",
      "integrity": "sha512-SRe7v5zZstV8H4mJWDBtNaAf4fyhHdBrggIzJ4GPife96sqhi94IZO2vFmkQ/8xk72+m3+zOsdcf8AgFlxF/1A=="
    },
    "node_modules/readonly-date": {
      "version": "1.0.0",
      "resolved": "https://registry.npmjs.org/readonly-date/-/readonly-date-1.0.0.tgz",
      "integrity": "sha512-tMKIV7hlk0h4mO3JTmmVuIlJVXjKk3Sep9Bf5OH0O+758ruuVkUy2J9SttDLm91IEX/WHlXPSpxMGjPj4beMIQ=="
    },
    "node_modules/symbol-observable": {
      "version": "2.0.3",
      "resolved": "https://registry.npmjs.org/symbol-observable/-/symbol-observable-2.0.3.tgz",
      "integrity": "sha512-sQV7phh2WCYAn81oAkakC5qjq2Ml0g8ozqz03wOGnx9dDlG1de6yrF+0RAzSJD8fPUow3PTSMf2SAbOGxb93BA==",
      "license": "MIT",
      "engines": {
        "node": ">=0.10"
      }
    },
    "node_modules/web-streams-polyfill": {
      "version": "3.3.2",
      "resolved": "https://registry.npmjs.org/web-streams-polyfill/-/web-streams-polyfill-3.3.2.tgz",
      "integrity": "sha512-3pRGuxRF5gpuZc0W+EpwQRmCD7gRqcDOMt688KmdlDAgAyaB1XlN0zq2njfDNm44XVdIouE7pZ6GzbdyH47uIQ==",
      "engines": {
        "node": ">= 8"
      }
    },
    "node_modules/ws": {
      "version": "7.5.10",
      "resolved": "https://registry.npmjs.org/ws/-/ws-7.5.10.tgz",
      "integrity": "sha512-+dbF1tHwZpXcbOJdVOkzLDxZP1ailvSxM6ZweXTegylPny803bFhA+vqBYw4s31NSAk4S2Qz+AKXK9a4wkdjcQ==",
      "license": "MIT",
      "engines": {
        "node": ">=8.3.0"
      },
      "peerDependencies": {
        "bufferutil": "^4.0.1",
        "utf-8-validate": "^5.0.2"
      },
      "peerDependenciesMeta": {
        "bufferutil": {
          "optional": true
        },
        "utf-8-validate": {
          "optional": true
        }
      }
    },
    "node_modules/xstream": {
      "version": "11.14.0",
      "resolved": "https://registry.npmjs.org/xstream/-/xstream-11.14.0.tgz",
      "integrity": "sha512-1bLb+kKKtKPbgTK6i/BaoAn03g47PpFstlbe1BA+y3pNS/LfvcaghS5BFf9+EE1J+KwSQsEpfJvFN5GqFtiNmw==",
      "license": "MIT",
      "dependencies": {
        "globalthis": "^1.0.1",
        "symbol-observable": "^2.0.3"
      }
    }
  },
  "dependencies": {
    "@cosmjs/amino": {
      "version": "0.36.1",
      "resolved": "https://registry.npmjs.org/@cosmjs/amino/-/amino-0.36.1.tgz",
      "integrity": "sha512-JRAtBA0bcIlhYZ5AXMT8VYUaxqVfEDiQbcEg0FLEIFofssj3V4aXFO93lsPI3AeWwRSZhWA+guGd/iHFC05UbQ==",
      "requires": {
        "@cosmjs/crypto": "^0.36.1",
        "@cosmjs/encoding": "^0.36.1",
        "@cosmjs/math": "^0.36.1",
        "@cosmjs/utils": "^0.36.1"
      }
    },
    "@cosmjs/crypto": {
      "version": "0.36.1",
      "resolved": "https://registry.npmjs.org/@cosmjs/crypto/-/crypto-0.36.1.tgz",
      "integrity": "sha512-7vx9rZAuboyMxs9zv3hZhNA0JAFMpaW+fFgRDQzZzfIVj0z4h8RW4dJu0xx5cv3KBQXmoRUzWklpnFuMQYiGdg==",
      "requires": {
        "@cosmjs/encoding": "^0.36.1",
        "@cosmjs/math": "^0.36.1",
        "@cosmjs/utils": "^0.36.1",
        "@noble/ciphers": "^1.3.0",
        "@noble/curves": "^1.9.2",
        "@noble/hashes": "^1",
        "hash-wasm": "^4.12.0"
      }
    },
    "@cosmjs/encoding": {
      "version": "0.36.1",
      "resolved": "https://registry.npmjs.org/@cosmjs/encoding/-/encoding-0.36.1.tgz",
      "integrity": "sha512-i5dTiOdSAfyU76lmOm0+VLEIDEtmINtpOeAuzzBJP1er5fDJvpBysgY9MefVwXNBY/P46W10Uta9zQc98ehBXg==",
      "requires": {
        "base64-js": "^1.3.0",
        "bech32": "^1.1.4",
        "readonly-date": "^1.0.0"
      }
    },
    "@cosmjs/json-rpc": {
      "version": "0.36.1",
      "resolved": "https://registry.npmjs.org/@cosmjs/json-rpc/-/json-rpc-0.36.1.tgz",
      "integrity": "sha512-7vpTw3r3vVaiMY9L0hDh2QP5RnmSim00DhQuqtrPz/qd740Q2xtxhO7UxnWOzL85gG1Tyr9KshE46QIhZcTU/Q==",
      "requires": {
        "@cosmjs/stream": "^0.36.1",
        "xstream": "^11.14.0"
      }
    },
    "@cosmjs/math": {
      "version": "0.36.1",
      "resolved": "https://registry.npmjs.org/@cosmjs/math/-/math-0.36.1.tgz",
      "integrity": "sha512-ML5X5iupmTUV6bik+YEShrmK49ikB8jMQfgzdQV7qeBMN2Rc4ijd1/sFya5AiyJzxtBlYe7yv0i5NyNzZPqKpQ=="
    },
    "@cosmjs/proto-signing": {
      "version": "0.36.1",
      "resolved": "https://registry.npmjs.org/@cosmjs/proto-signing/-/proto-signing-0.36.1.tgz",
      "integrity": "sha512-aWGJW4gwVEf/HaVe7Bf8K3Vc7J8vOMvChDhUr2FT8NG7REJ2CztJ0jcYgaJLRzoEj6rLJoN97eAf2hUjFQxWTw==",
      "requires": {
        "@cosmjs/amino": "^0.36.1",
        "@cosmjs/crypto": "^0.36.1",
        "@cosmjs/encoding": "^0.36.1",
        "@cosmjs/math": "^0.36.1",
        "@cosmjs/utils": "^0.36.1",
        "cosmjs-types": "^0.10.1"
      }
    },
    "@cosmjs/socket": {
      "version": "0.36.1",
      "resolved": "https://registry.npmjs.org/@cosmjs/socket/-/socket-0.36.1.tgz",
      "integrity": "sha512-p6KgnQmlz1MYJjWi66xyLLYk0NqXFQ/OE5LlC6+Pj6tv7sxjhqsQiQYwfgKJjSwTbduXv2vOHrqEnKZ892E5Xw==",
      "requires": {
        "@cosmjs/stream": "^0.36.1",
        "isomorphic-ws": "^4.0.1",
        "ws": "^7",
        "xstream": "^11.14.0"
      }
    },
    "@cosmjs/stargate": {
      "version": "0.36.1",
      "resolved": "https://registry.npmjs.org/@cosmjs/stargate/-/stargate-0.36.1.tgz",
      "integrity": "sha512-MCvZCginWI/2crnf7xYNsVNPzXLRgjuXUYF7t00JSOeif3MBM3YUHKQjjMsFNVys4eEDkfbptfn9bDghFy1nag==",
      "requires": {
        "@cosmjs/amino": "^0.36.1",
        "@cosmjs/encoding": "^0.36.1",
        "@cosmjs/math": "^0.36.1",
        "@cosmjs/proto-signing": "^0.36.1",
        "@cosmjs/stream": "^0.36.1",
        "@cosmjs/tendermint-rpc": "^0.36.1",
        "@cosmjs/utils": "^0.36.1",
        "cosmjs-types": "^0.10.1"
      }
    },
    "@cosmjs/stream": {
      "version": "0.36.1",
      "resolved": "https://registry.npmjs.org/@cosmjs/stream/-/stream-0.36.1.tgz",
      "integrity": "sha512-q8TrUt7iiWGf6N5x7vWGqWIhtgPzTMkZlM73vkE4F3rcWbybJHgNu7inOhwnuJpR+gFZd9JNq+jAtjsbptZGag==",
      "requires": {
        "xstream": "^11.14.0"
      }
    },
    "@cosmjs/tendermint-rpc": {
      "version": "0.36.1",
      "resolved": "https://registry.npmjs.org/@cosmjs/tendermint-rpc/-/tendermint-rpc-0.36.1.tgz",
      "integrity": "sha512-9EN84YVqdgDLB97xFq+aqsolbMCyKwg6NcB/CR1s3DrquzJEx9/ZNEBJak/VVfb+croDFgvQd4X7CzqkW4N2ag==",
      "requires": {
        "@cosmjs/crypto": "^0.36.1",
        "@cosmjs/encoding": "^0.36.1",
        "@cosmjs/json-rpc": "^0.36.1",
        "@cosmjs/math": "^0.36.1",
        "@cosmjs/socket": "^0.36.1",
        "@cosmjs/stream": "^0.36.1",
        "@cosmjs/utils": "^0.36.1",
        "readonly-date": "^1.0.0",
        "xstream": "^11.14.0"
      }
    },
    "@cosmjs/utils": {
      "version": "0.36.1",
      "resolved": "https://registry.npmjs.org/@cosmjs/utils/-/utils-0.36.1.tgz",
      "integrity": "sha512-kjdDD6t7dMLRUtbRCRskP7sNpyNf6cxVgaM2z7n64e6upXwE+bsoKfKrG+iY2ABT57oH6UxJYgcB+7ACmPxZCg=="
    },
    "@noble/ciphers": {
      "version": "1.3.0",
      "resolved": "https://registry.npmjs.org/@noble/ciphers/-/ciphers-1.3.0.tgz",
      "integrity": "sha512-2I0gnIVPtfnMw9ee9h1dJG7tp81+8Ob3OJb3Mv37rx5L40/b0i7djjCVvGOVqc9AEIQyvyu1i6ypKdFw8R8gQw=="
    },
    "@noble/curves": {
      "version": "1.9.7",
      "resolved": "https://registry.npmjs.org/@noble/curves/-/curves-1.9.7.tgz",
      "integrity": "sha512-gbKGcRUYIjA3/zCCNaWDciTMFI0dCkvou3TL8Zmy5Nc7sJ47a0jtOeZoTaMxkuqRo9cRhjOdZJXegxYE5FN/xw==",
      "requires": {
        "@noble/hashes": "1.8.0"
      }
    },
    "@noble/hashes": {
      "version": "1.8.0",
      "resolved": "https://registry.npmjs.org/@noble/hashes/-/hashes-1.8.0.tgz",
      "integrity": "sha512-jCs9ldd7NwzpgXDIf6P3+NrHh9/sD6CQdxHyjQI+h/6rDNo88ypBxxz45UDuZHz9r3tNz7N/VInSVoVdtXEI4A=="
    },
    "base64-js": {
      "version": "1.5.1",
      "resolved": "https://registry.npmjs.org/base64-js/-/base64-js-1.5.1.tgz",
      "integrity": "sha512-AKpaYlHn8t4SVbOHCy+b5+KKgvR4vrsD8vbvrbiQJps7fKDTkjkDry6ji0rUJjC0kzbNePLwzxq8iypo41qeWA=="
    },
    "bech32": {
      "version": "1.1.4",
      "resolved": "https://registry.npmjs.org/bech32/-/bech32-1.1.4.tgz",
      "integrity": "sha512-s0IrSOzLlbvX7yp4WBfPITzpAU8sqQcpsmwXDiKwrG4r491vwCO/XpejasRNl0piBMe/DvP4Tz0mIS/X1DPJBQ=="
    },
    "cosmjs-types": {
      "version": "0.10.1",
      "resolved": "https://registry.npmjs.org/cosmjs-types/-/cosmjs-types-0.10.1.tgz",
      "integrity": "sha512-CENXb4O5GN+VyB68HYXFT2SOhv126Z59631rZC56m8uMWa6/cSlFeai8BwZGT1NMepw0Ecf+U8XSOnBzZUWh9Q=="
    },
    "data-uri-to-buffer": {
      "version": "4.0.1",
      "resolved": "https://registry.npmjs.org/data-uri-to-buffer/-/data-uri-to-buffer-4.0.1.tgz",
      "integrity": "sha512-0R9ikRb668HB7QDxT1vkpuUBtqc53YyAwMwGeUFKRojY/NWKvdZ+9UYtRfGmhqNbRkTSVpMbmyhXipFFv2cb/A=="
    },
    "define-data-property": {
      "version": "1.1.4",
      "resolved": "https://registry.npmjs.org/define-data-property/-/define-data-property-1.1.4.tgz",
      "integrity": "sha512-rBMvIzlpA8v6E+SJZoo++HAYqsLrkg7MSfIinMPFhmkorw7X+dOXVJQs+QT69zGkzMyfDnIMN2Wid1+NbL3T+A==",
      "requires": {
        "es-define-property": "^1.0.0",
        "es-errors": "^1.3.0",
        "gopd": "^1.0.1"
      }
    },
    "define-properties": {
      "version": "1.2.1",
      "resolved": "https://registry.npmjs.org/define-properties/-/define-properties-1.2.1.tgz",
      "integrity": "sha512-8QmQKqEASLd5nx0U1B1okLElbUuuttJ/AnYmRXbbbGDWh6uS208EjD4Xqq/I9wK7u0v6O08XhTWnt5XtEbR6Dg==",
      "requires": {
        "define-data-property": "^1.0.1",
        "has-property-descriptors": "^1.0.0",
        "object-keys": "^1.1.1"
      }
    },
    "dotenv": {
      "version": "16.3.1",
      "resolved": "https://registry.npmjs.org/dotenv/-/dotenv-16.3.1.tgz",
      "integrity": "sha512-IPzF4w4/Rd94bA9imS68tZBaYyBWSCE47V1RGuMrB94iyTOIEwRmVL2x/4An+6mETpLrKJ5hQkB8W4kFAadeIQ=="
    },
    "es-define-property": {
      "version": "1.0.1",
      "resolved": "https://registry.npmjs.org/es-define-property/-/es-define-property-1.0.1.tgz",
      "integrity": "sha512-e3nRfgfUZ4rNGL232gUgX06QNyyez04KdjFrF+LTRoOXmrOgFKDg4BCdsjW8EnT69eqdYGmRpJwiPVYNrCaW3g=="
    },
    "es-errors": {
      "version": "1.3.0",
      "resolved": "https://registry.npmjs.org/es-errors/-/es-errors-1.3.0.tgz",
      "integrity": "sha512-Zf5H2Kxt2xjTvbJvP2ZWLEICxA6j+hAmMzIlypy4xcBg1vKVnx89Wy0GbS+kf5cwCVFFzdCFh2XSCFNULS6csw=="
    },
    "fetch-blob": {
      "version": "3.2.0",
      "resolved": "https://registry.npmjs.org/fetch-blob/-/fetch-blob-3.2.0.tgz",
      "integrity": "sha512-7yAQpD2UMJzLi1Dqv7qFYnPbaPx7ZfFK6PiIxQ4PfkGPyNyl2Ugx+a/umUonmKqjhM4DnfbMvdX6otXq83soQQ==",
      "requires": {
        "node-domexception": "^1.0.0",
        "web-streams-polyfill": "^3.0.3"
      }
    },
    "formdata-polyfill": {
      "version": "4.0.10",
      "resolved": "https://registry.npmjs.org/formdata-polyfill/-/formdata-polyfill-4.0.10.tgz",
      "integrity": "sha512-buewHzMvYL29jdeQTVILecSaZKnt/RJWjoZCF5OW60Z67/GmSLBkOFM7qh1PI3zFNtJbaZL5eQu1vLfazOwj4g==",
      "requires": {
        "fetch-blob": "^3.1.2"
      }
    },
    "globalthis": {
      "version": "1.0.4",
      "resolved": "https://registry.npmjs.org/globalthis/-/globalthis-1.0.4.tgz",
      "integrity": "sha512-DpLKbNU4WylpxJykQujfCcwYWiV/Jhm50Goo0wrVILAv5jOr9d+H+UR3PhSCD2rCCEIg0uc+G+muBTwD54JhDQ==",
      "requires": {
        "define-properties": "^1.2.1",
        "gopd": "^1.0.1"
      }
    },
    "gopd": {
      "version": "1.2.0",
      "resolved": "https://registry.npmjs.org/gopd/-/gopd-1.2.0.tgz",
      "integrity": "sha512-ZUKRh6/kUFoAiTAtTYPZJ3hw9wNxx+BIBOijnlG9PnrJsCcSjs1wyyD6vJpaYtgnzDrKYRSqf3OO6Rfa93xsRg=="
    },
    "has-property-descriptors": {
      "version": "1.0.2",
      "resolved": "https://registry.npmjs.org/has-property-descriptors/-/has-property-descriptors-1.0.2.tgz",
      "integrity": "sha512-55JNKuIW+vq4Ke1BjOTjM2YctQIvCT7GFzHwmfZPGo5wnrgkid0YQtnAleFSqumZm4az3n2BS+erby5ipJdgrg==",
      "requires": {
        "es-define-property": "^1.0.0"
      }
    },
    "hash-wasm": {
      "version": "4.12.0",
      "resolved": "https://registry.npmjs.org/hash-wasm/-/hash-wasm-4.12.0.tgz",
      "integrity": "sha512-+/2B2rYLb48I/evdOIhP+K/DD2ca2fgBjp6O+GBEnCDk2e4rpeXIK8GvIyRPjTezgmWn9gmKwkQjjx6BtqDHVQ=="
    },
    "isomorphic-ws": {
      "version": "4.0.1",
      "resolved": "https://registry.npmjs.org/isomorphic-ws/-/isomorphic-ws-4.0.1.tgz",
      "integrity": "sha512-BhBvN2MBpWTaSHdWRb/bwdZJ1WaehQ2L1KngkCkfLUGF0mAWAT1sQUQacEmQ0jXkFw/czDXPNQSL5u2/Krsz1w==",
      "requires": {}
    },
    "node-domexception": {
      "version": "1.0.0",
      "resolved": "https://registry.npmjs.org/node-domexception/-/node-domexception-1.0.0.tgz",
      "integrity": "sha512-/jKZoMpw0F8GRwl4/eLROPA3cfcXtLApP0QzLmUT/HuPCZWyB7IY9ZrMeKw2O/nFIqPQB3PVM9aYm0F312AXDQ=="
    },
    "node-fetch": {
      "version": "3.3.2",
      "resolved": "https://registry.npmjs.org/node-fetch/-/node-fetch-3.3.2.tgz",
      "integrity": "sha512-dRB78srN/l6gqWulah9SrxeYnxeddIG30+GOqK/9OlLVyLg3HPnr6SqOWTWOXKRwC2eGYCkZ59NNuSgvSrpgOA==",
      "requires": {
        "data-uri-to-buffer": "^4.0.0",
        "fetch-blob": "^3.1.4",
        "formdata-polyfill": "^4.0.10"
      }
    },
    "object-keys": {
      "version": "1.1.1",
      "resolved": "https://registry.npmjs.org/object-keys/-/object-keys-1.1.1.tgz",
      "integrity": "sha512-NuAESUOUMrlIXOfHKzD6bpPu3tYt3xvjNdRIQ+FeT0lNb4K8WR70CaDxhuNguS2XG+GjkyMwOzsN5ZktImfhLA=="
    },
    "persistenceonejs": {
      "version": "2.4.0-rc1",
      "resolved": "https://registry.npmjs.org/persistenceonejs/-/persistenceonejs-2.4.0-rc1.tgz",
      "integrity": "sha512-SRe7v5zZstV8H4mJWDBtNaAf4fyhHdBrggIzJ4GPife96sqhi94IZO2vFmkQ/8xk72+m3+zOsdcf8AgFlxF/1A=="
    },
    "readonly-date": {
      "version": "1.0.0",
      "resolved": "https://registry.npmjs.org/readonly-date/-/readonly-date-1.0.0.tgz",
      "integrity": "sha512-tMKIV7hlk0h4mO3JTmmVuIlJVXjKk3Sep9Bf5OH0O+758ruuVkUy2J9SttDLm91IEX/WHlXPSpxMGjPj4beMIQ=="
    },
    "symbol-observable": {
      "version": "2.0.3",
      "resolved": "https://registry.npmjs.org/symbol-observable/-/symbol-observable-2.0.3.tgz",
      "integrity": "sha512-sQV7phh2WCYAn81oAkakC5qjq2Ml0g8ozqz03wOGnx9dDlG1de6yrF+0RAzSJD8fPUow3PTSMf2SAbOGxb93BA=="
    },
    "web-streams-polyfill": {
      "version": "3.3.2",
      "resolved": "https://registry.npmjs.org/web-streams-polyfill/-/web-streams-polyfill-3.3.2.tgz",
      "integrity": "sha512-3pRGuxRF5gpuZc0W+EpwQRmCD7gRqcDOMt688KmdlDAgAyaB1XlN0zq2njfDNm44XVdIouE7pZ6GzbdyH47uIQ=="
    },
    "ws": {
      "version": "7.5.10",
      "resolved": "https://registry.npmjs.org/ws/-/ws-7.5.10.tgz",
      "integrity": "sha512-+dbF1tHwZpXcbOJdVOkzLDxZP1ailvSxM6ZweXTegylPny803bFhA+vqBYw4s31NSAk4S2Qz+AKXK9a4wkdjcQ==",
      "requires": {}
    },
    "xstream": {
      "version": "11.14.0",
      "resolved": "https://registry.npmjs.org/xstream/-/xstream-11.14.0.tgz",
      "integrity": "sha512-1bLb+kKKtKPbgTK6i/BaoAn03g47PpFstlbe1BA+y3pNS/LfvcaghS5BFf9+EE1J+KwSQsEpfJvFN5GqFtiNmw==",
      "requires": {
        "globalthis": "^1.0.1",
        "symbol-observable": "^2.0.3"
      }
    }
  }
}
